
Microsoft Visual Studio Solution File, Format Version 12.00
# Visual Studio 15
VisualStudioVersion = 15.0.28307.329
MinimumVisualStudioVersion = 10.0.40219.1
Project("{2150E333-8FDC-42A3-9474-1A3956D46DE8}") = "Solution Items", "Solution Items", "{89BF8810-D63F-47C6-AF79-F1506E5F9F92}"
	ProjectSection(SolutionItems) = preProject
		Readme.md = Readme.md
	EndProjectSection
EndProject
Project("{9A19103F-16F7-4668-BE54-9A1E7A4F7556}") = "GoogleHashCodePizzaProblem", "GoogleHashCodePizzaProblem\GoogleHashCodePizzaProblem.csproj", "{FCF95A6F-10E4-4CA0-BD16-C16A4D08D87F}"
EndProject
Project("{9A19103F-16F7-4668-BE54-9A1E7A4F7556}") = "GoogleHashCodePizzaProblem.Test", "GoogleHashCodePizzaProblem.Test\GoogleHashCodePizzaProblem.Test.csproj", "{C85EB423-1E57-4775-B342-67989D72549C}"
EndProject
Global
	GlobalSection(SolutionConfigurationPlatforms) = preSolution
		Debug|Any CPU = Debug|Any CPU
		Release|Any CPU = Release|Any CPU
	EndGlobalSection
	GlobalSection(ProjectConfigurationPlatforms) = postSolution
		{FCF95A6F-10E4-4CA0-BD16-C16A4D08D87F}.Debug|Any CPU.ActiveCfg = Debug|Any CPU
		{FCF95A6F-10E4-4CA0-BD16-C16A4D08D87F}.Debug|Any CPU.Build.0 = Debug|Any CPU
		{FCF95A6F-10E4-4CA0-BD16-C16A4D08D87F}.Release|Any CPU.ActiveCfg = Release|Any CPU
		{FCF95A6F-10E4-4CA0-BD16-C16A4D08D87F}.Release|Any CPU.Build.0 = Release|Any CPU
		{C85EB423-1E57-4775-B342-67989D72549C}.Debug|Any CPU.ActiveCfg = Debug|Any CPU
		{C85EB423-1E57-4775-B342-67989D72549C}.Debug|Any CPU.Build.0 = Debug|Any CPU
		{C85EB423-1E57-4775-B342-67989D72549C}.Release|Any CPU.ActiveCfg = Release|Any CPU
		{C85EB423-1E57-4775-B342-67989D72549C}.Release|Any CPU.Build.0 = Release|Any CPU
	EndGlobalSection
	GlobalSection(SolutionProperties) = preSolution
		HideSolutionNode = FALSE
	EndGlobalSection
	GlobalSection(ExtensibilityGlobals) = postSolution
		SolutionGuid = {4FAC21D7-A0D6-4003-B28A-A6D8243397D6}
	EndGlobalSection
EndGlobal
